
Microsoft Visual Studio Solution File, Format Version 12.00
# Visual Studio Version 16
VisualStudioVersion = 16.0.30907.101
MinimumVisualStudioVersion = 10.0.40219.1
Project("{FAE04EC0-301F-11D3-BF4B-00C04F79EFBC}") = "Mate", "Mate.csproj", "{0084895C-DE25-4731-9554-6D60A910208C}"
EndProject
Global
	GlobalSection(SolutionConfigurationPlatforms) = preSolution
		Debug|Any CPU = Debug|Any CPU
		Release|Any CPU = Release|Any CPU
	EndGlobalSection
	GlobalSection(ProjectConfigurationPlatforms) = postSolution
		{0084895C-DE25-4731-9554-6D60A910208C}.Debug|Any CPU.ActiveCfg = Debug|Any CPU
		{0084895C-DE25-4731-9554-6D60A910208C}.Debug|Any CPU.Build.0 = Debug|Any CPU
		{0084895C-DE25-4731-9554-6D60A910208C}.Release|Any CPU.ActiveCfg = Release|Any CPU
		{0084895C-DE25-4731-9554-6D60A910208C}.Release|Any CPU.Build.0 = Release|Any CPU
	EndGlobalSection
	GlobalSection(SolutionProperties) = preSolution
		HideSolutionNode = FALSE
	EndGlobalSection
	GlobalSection(ExtensibilityGlobals) = postSolution
		SolutionGuid = {CD481D63-0CF5-4609-AE7C-0D319023E808}
	EndGlobalSection
EndGlobal
